// !$*UTF8*$!
{
	archiveVersion = 1;
	classes = {
	};
	objectVersion = 46;
	objects = {

/* Begin PBXBuildFile section */
		173326DE16BA34990025515E /* User.m in Sources */ = {isa = PBXBuildFile; fileRef = 173326DD16BA34990025515E /* User.m */; };
		173326E116BA380E0025515E /* Localizable.strings in Resources */ = {isa = PBXBuildFile; fileRef = 173326E016BA380E0025515E /* Localizable.strings */; };
		177E504016B23CCB001D0B2D /* Shop.m in Sources */ = {isa = PBXBuildFile; fileRef = 177E503F16B23CCB001D0B2D /* Shop.m */; };
		177E504D16B240D2001D0B2D /* GDataXMLNode.m in Sources */ = {isa = PBXBuildFile; fileRef = 177E504C16B240D2001D0B2D /* GDataXMLNode.m */; };
		177E505116B299D9001D0B2D /* XMLReader.m in Sources */ = {isa = PBXBuildFile; fileRef = 177E505016B299D9001D0B2D /* XMLReader.m */; };
		179F358116B177F300A396FE /* ASIAuthenticationDialog.m in Sources */ = {isa = PBXBuildFile; fileRef = 179F356316B177F300A396FE /* ASIAuthenticationDialog.m */; };
		179F358216B177F300A396FE /* ASIDataCompressor.m in Sources */ = {isa = PBXBuildFile; fileRef = 179F356616B177F300A396FE /* ASIDataCompressor.m */; };
		179F358316B177F300A396FE /* ASIDataDecompressor.m in Sources */ = {isa = PBXBuildFile; fileRef = 179F356816B177F300A396FE /* ASIDataDecompressor.m */; };
		179F358416B177F300A396FE /* ASIDownloadCache.m in Sources */ = {isa = PBXBuildFile; fileRef = 179F356A16B177F300A396FE /* ASIDownloadCache.m */; };
		179F358516B177F300A396FE /* ASIFormDataRequest.m in Sources */ = {isa = PBXBuildFile; fileRef = 179F356C16B177F300A396FE /* ASIFormDataRequest.m */; };
		179F358616B177F300A396FE /* ASIHTTPRequest.m in Sources */ = {isa = PBXBuildFile; fileRef = 179F356E16B177F300A396FE /* ASIHTTPRequest.m */; };
		179F358716B177F300A396FE /* ASIInputStream.m in Sources */ = {isa = PBXBuildFile; fileRef = 179F357216B177F300A396FE /* ASIInputStream.m */; };
		179F358816B177F300A396FE /* ASINetworkQueue.m in Sources */ = {isa = PBXBuildFile; fileRef = 179F357416B177F300A396FE /* ASINetworkQueue.m */; };
		179F358916B177F300A396FE /* FMDatabase.m in Sources */ = {isa = PBXBuildFile; fileRef = 179F357816B177F300A396FE /* FMDatabase.m */; };
		179F358A16B177F300A396FE /* FMDatabaseAdditions.m in Sources */ = {isa = PBXBuildFile; fileRef = 179F357A16B177F300A396FE /* FMDatabaseAdditions.m */; };
		179F358B16B177F300A396FE /* FMDatabasePool.m in Sources */ = {isa = PBXBuildFile; fileRef = 179F357C16B177F300A396FE /* FMDatabasePool.m */; };
		179F358C16B177F300A396FE /* FMDatabaseQueue.m in Sources */ = {isa = PBXBuildFile; fileRef = 179F357E16B177F300A396FE /* FMDatabaseQueue.m */; };
		179F358D16B177F300A396FE /* FMResultSet.m in Sources */ = {isa = PBXBuildFile; fileRef = 179F358016B177F300A396FE /* FMResultSet.m */; };
		179F359116B1817200A396FE /* Reachability.m in Sources */ = {isa = PBXBuildFile; fileRef = 179F359016B1817200A396FE /* Reachability.m */; };
		179F359316B181A100A396FE /* libsqlite3.dylib in Frameworks */ = {isa = PBXBuildFile; fileRef = 179F359216B181A100A396FE /* libsqlite3.dylib */; };
		179F359516B181AA00A396FE /* CFNetwork.framework in Frameworks */ = {isa = PBXBuildFile; fileRef = 179F359416B181AA00A396FE /* CFNetwork.framework */; };
		179F359716B181D100A396FE /* SystemConfiguration.framework in Frameworks */ = {isa = PBXBuildFile; fileRef = 179F359616B181D100A396FE /* SystemConfiguration.framework */; };
		179F359916B181F800A396FE /* MobileCoreServices.framework in Frameworks */ = {isa = PBXBuildFile; fileRef = 179F359816B181F800A396FE /* MobileCoreServices.framework */; };
		179F35A616B1826D00A396FE /* QuartzCore.framework in Frameworks */ = {isa = PBXBuildFile; fileRef = 179F359C16B1821C00A396FE /* QuartzCore.framework */; };
		179F35A816B1828500A396FE /* libz.dylib in Frameworks */ = {isa = PBXBuildFile; fileRef = 179F35A716B1828500A396FE /* libz.dylib */; };
		17AA970116B3C32E00911DE2 /* UserViewController.m in Sources */ = {isa = PBXBuildFile; fileRef = 17AA96FF16B3C32E00911DE2 /* UserViewController.m */; };
		17AA970216B3C32E00911DE2 /* UserViewController.xib in Resources */ = {isa = PBXBuildFile; fileRef = 17AA970016B3C32E00911DE2 /* UserViewController.xib */; };
		17AA970616B3C41800911DE2 /* RegisterViewController.m in Sources */ = {isa = PBXBuildFile; fileRef = 17AA970416B3C41800911DE2 /* RegisterViewController.m */; };
		17AA970716B3C41800911DE2 /* RegisterViewController.xib in Resources */ = {isa = PBXBuildFile; fileRef = 17AA970516B3C41800911DE2 /* RegisterViewController.xib */; };
		17AA970B16B3C43700911DE2 /* LoginViewController.m in Sources */ = {isa = PBXBuildFile; fileRef = 17AA970916B3C43700911DE2 /* LoginViewController.m */; };
		17AA970C16B3C43700911DE2 /* LoginViewController.xib in Resources */ = {isa = PBXBuildFile; fileRef = 17AA970A16B3C43700911DE2 /* LoginViewController.xib */; };
		17AA971616B3E27700911DE2 /* CoreService.m in Sources */ = {isa = PBXBuildFile; fileRef = 17AA971516B3E27700911DE2 /* CoreService.m */; };
		17AA971B16B4005000911DE2 /* LocationViewController.m in Sources */ = {isa = PBXBuildFile; fileRef = 17AA971916B4005000911DE2 /* LocationViewController.m */; };
		17AA971C16B4005000911DE2 /* LocationViewController.xib in Resources */ = {isa = PBXBuildFile; fileRef = 17AA971A16B4005000911DE2 /* LocationViewController.xib */; };
		17AA971E16B402C100911DE2 /* MapKit.framework in Frameworks */ = {isa = PBXBuildFile; fileRef = 17AA971D16B402C000911DE2 /* MapKit.framework */; };
		17AA972016B4079200911DE2 /* CoreLocation.framework in Frameworks */ = {isa = PBXBuildFile; fileRef = 17AA971F16B4079200911DE2 /* CoreLocation.framework */; };
		17AA972516B40A6600911DE2 /* UpKeepViewController.m in Sources */ = {isa = PBXBuildFile; fileRef = 17AA972316B40A6600911DE2 /* UpKeepViewController.m */; };
		17AA972616B40A6600911DE2 /* UpKeepViewController.xib in Resources */ = {isa = PBXBuildFile; fileRef = 17AA972416B40A6600911DE2 /* UpKeepViewController.xib */; };
		17AA972916B4CD7400911DE2 /* ShopAnnotationView.m in Sources */ = {isa = PBXBuildFile; fileRef = 17AA972816B4CD7400911DE2 /* ShopAnnotationView.m */; };
		17AA973016B4D84B00911DE2 /* ShopPinAnnotation.m in Sources */ = {isa = PBXBuildFile; fileRef = 17AA972F16B4D84A00911DE2 /* ShopPinAnnotation.m */; };
		17E77D3B16AED33E000F59D2 /* UIKit.framework in Frameworks */ = {isa = PBXBuildFile; fileRef = 17E77D3A16AED33E000F59D2 /* UIKit.framework */; };
		17E77D3D16AED33E000F59D2 /* Foundation.framework in Frameworks */ = {isa = PBXBuildFile; fileRef = 17E77D3C16AED33E000F59D2 /* Foundation.framework */; };
		17E77D3F16AED33E000F59D2 /* CoreGraphics.framework in Frameworks */ = {isa = PBXBuildFile; fileRef = 17E77D3E16AED33E000F59D2 /* CoreGraphics.framework */; };
		17E77D4516AED33E000F59D2 /* InfoPlist.strings in Resources */ = {isa = PBXBuildFile; fileRef = 17E77D4316AED33E000F59D2 /* InfoPlist.strings */; };
		17E77D4716AED33E000F59D2 /* main.m in Sources */ = {isa = PBXBuildFile; fileRef = 17E77D4616AED33E000F59D2 /* main.m */; };
		17E77D4D16AED33E000F59D2 /* Default.png in Resources */ = {isa = PBXBuildFile; fileRef = 17E77D4C16AED33E000F59D2 /* Default.png */; };
		17E77D4F16AED33E000F59D2 /* Default@2x.png in Resources */ = {isa = PBXBuildFile; fileRef = 17E77D4E16AED33E000F59D2 /* Default@2x.png */; };
		17E77D5116AED33E000F59D2 /* Default-568h@2x.png in Resources */ = {isa = PBXBuildFile; fileRef = 17E77D5016AED33E000F59D2 /* Default-568h@2x.png */; };
		17E77D6716AED39C000F59D2 /* nav_bg.png in Resources */ = {isa = PBXBuildFile; fileRef = 17E77D5D16AED39C000F59D2 /* nav_bg.png */; };
		17E77D6816AED39C000F59D2 /* navbar_bg.png in Resources */ = {isa = PBXBuildFile; fileRef = 17E77D5E16AED39C000F59D2 /* navbar_bg.png */; };
		17E77D6916AED39C000F59D2 /* tab_button1_normal.png in Resources */ = {isa = PBXBuildFile; fileRef = 17E77D5F16AED39C000F59D2 /* tab_button1_normal.png */; };
		17E77D6A16AED39C000F59D2 /* tab_button1_selected.png in Resources */ = {isa = PBXBuildFile; fileRef = 17E77D6016AED39C000F59D2 /* tab_button1_selected.png */; };
		17E77D6B16AED39C000F59D2 /* tab_button2_normal.png in Resources */ = {isa = PBXBuildFile; fileRef = 17E77D6116AED39C000F59D2 /* tab_button2_normal.png */; };
		17E77D6C16AED39C000F59D2 /* tab_button2_selected.png in Resources */ = {isa = PBXBuildFile; fileRef = 17E77D6216AED39C000F59D2 /* tab_button2_selected.png */; };
		17E77D6D16AED39C000F59D2 /* tab_button3_normal.png in Resources */ = {isa = PBXBuildFile; fileRef = 17E77D6316AED39C000F59D2 /* tab_button3_normal.png */; };
		17E77D6E16AED39C000F59D2 /* tab_button3_selected.png in Resources */ = {isa = PBXBuildFile; fileRef = 17E77D6416AED39C000F59D2 /* tab_button3_selected.png */; };
		17E77D6F16AED39C000F59D2 /* tab_button4_normal.png in Resources */ = {isa = PBXBuildFile; fileRef = 17E77D6516AED39C000F59D2 /* tab_button4_normal.png */; };
		17E77D7016AED39C000F59D2 /* tab_button4_selected.png in Resources */ = {isa = PBXBuildFile; fileRef = 17E77D6616AED39C000F59D2 /* tab_button4_selected.png */; };
		17E77D7C16AED3DD000F59D2 /* BaseViewController.m in Sources */ = {isa = PBXBuildFile; fileRef = 17E77D7716AED3DD000F59D2 /* BaseViewController.m */; };
		17E77D7D16AED3DD000F59D2 /* CustomTabBarController.m in Sources */ = {isa = PBXBuildFile; fileRef = 17E77D7916AED3DD000F59D2 /* CustomTabBarController.m */; };
		17E77D7E16AED3DD000F59D2 /* CustomNavigationBar.m in Sources */ = {isa = PBXBuildFile; fileRef = 17E77D7B16AED3DD000F59D2 /* CustomNavigationBar.m */; };
		17E77D8516AED3E9000F59D2 /* MyAccountViewController.m in Sources */ = {isa = PBXBuildFile; fileRef = 17E77D8016AED3E9000F59D2 /* MyAccountViewController.m */; };
		17E77D8616AED3E9000F59D2 /* MyAccountViewController.xib in Resources */ = {isa = PBXBuildFile; fileRef = 17E77D8116AED3E9000F59D2 /* MyAccountViewController.xib */; };
		17E77D8716AED3E9000F59D2 /* OptionCell.m in Sources */ = {isa = PBXBuildFile; fileRef = 17E77D8316AED3E9000F59D2 /* OptionCell.m */; };
		17E77D8816AED3E9000F59D2 /* OptionCell.xib in Resources */ = {isa = PBXBuildFile; fileRef = 17E77D8416AED3E9000F59D2 /* OptionCell.xib */; };
		17E77D8C16AED3F6000F59D2 /* BookingViewController.m in Sources */ = {isa = PBXBuildFile; fileRef = 17E77D8A16AED3F6000F59D2 /* BookingViewController.m */; };
		17E77D8D16AED3F6000F59D2 /* BookingViewController.xib in Resources */ = {isa = PBXBuildFile; fileRef = 17E77D8B16AED3F6000F59D2 /* BookingViewController.xib */; };
		17E77D9116AED401000F59D2 /* SettingViewController.m in Sources */ = {isa = PBXBuildFile; fileRef = 17E77D8F16AED401000F59D2 /* SettingViewController.m */; };
		17E77D9216AED401000F59D2 /* SettingViewController.xib in Resources */ = {isa = PBXBuildFile; fileRef = 17E77D9016AED401000F59D2 /* SettingViewController.xib */; };
		17E77D9616AED40E000F59D2 /* MoreViewController.m in Sources */ = {isa = PBXBuildFile; fileRef = 17E77D9416AED40E000F59D2 /* MoreViewController.m */; };
		17E77D9716AED40E000F59D2 /* MoreViewController.xib in Resources */ = {isa = PBXBuildFile; fileRef = 17E77D9516AED40E000F59D2 /* MoreViewController.xib */; };
		17E77D9E16AED42A000F59D2 /* AppDelegate.m in Sources */ = {isa = PBXBuildFile; fileRef = 17E77D9B16AED42A000F59D2 /* AppDelegate.m */; };
		17E77D9F16AED42A000F59D2 /* Constants.m in Sources */ = {isa = PBXBuildFile; fileRef = 17E77D9D16AED42A000F59D2 /* Constants.m */; };
		17E77DA216AED433000F59D2 /* Option.m in Sources */ = {isa = PBXBuildFile; fileRef = 17E77DA116AED433000F59D2 /* Option.m */; };
/* End PBXBuildFile section */

/* Begin PBXFileReference section */
		173326DC16BA34990025515E /* User.h */ = {isa = PBXFileReference; fileEncoding = 4; lastKnownFileType = sourcecode.c.h; path = User.h; sourceTree = "<group>"; };
		173326DD16BA34990025515E /* User.m */ = {isa = PBXFileReference; fileEncoding = 4; lastKnownFileType = sourcecode.c.objc; path = User.m; sourceTree = "<group>"; };
		173326E016BA380E0025515E /* Localizable.strings */ = {isa = PBXFileReference; fileEncoding = 4; lastKnownFileType = text.plist.strings; path = Localizable.strings; sourceTree = "<group>"; };
		177E503E16B23CCB001D0B2D /* Shop.h */ = {isa = PBXFileReference; fileEncoding = 4; lastKnownFileType = sourcecode.c.h; path = Shop.h; sourceTree = "<group>"; };
		177E503F16B23CCB001D0B2D /* Shop.m */ = {isa = PBXFileReference; fileEncoding = 4; lastKnownFileType = sourcecode.c.objc; path = Shop.m; sourceTree = "<group>"; };
		177E504B16B240D2001D0B2D /* GDataXMLNode.h */ = {isa = PBXFileReference; fileEncoding = 4; lastKnownFileType = sourcecode.c.h; path = GDataXMLNode.h; sourceTree = "<group>"; };
		177E504C16B240D2001D0B2D /* GDataXMLNode.m */ = {isa = PBXFileReference; fileEncoding = 4; lastKnownFileType = sourcecode.c.objc; path = GDataXMLNode.m; sourceTree = "<group>"; };
		177E504F16B299D9001D0B2D /* XMLReader.h */ = {isa = PBXFileReference; fileEncoding = 4; lastKnownFileType = sourcecode.c.h; path = XMLReader.h; sourceTree = "<group>"; };
		177E505016B299D9001D0B2D /* XMLReader.m */ = {isa = PBXFileReference; fileEncoding = 4; lastKnownFileType = sourcecode.c.objc; path = XMLReader.m; sourceTree = "<group>"; };
		179F356216B177F300A396FE /* ASIAuthenticationDialog.h */ = {isa = PBXFileReference; fileEncoding = 4; lastKnownFileType = sourcecode.c.h; path = ASIAuthenticationDialog.h; sourceTree = "<group>"; };
		179F356316B177F300A396FE /* ASIAuthenticationDialog.m */ = {isa = PBXFileReference; fileEncoding = 4; lastKnownFileType = sourcecode.c.objc; path = ASIAuthenticationDialog.m; sourceTree = "<group>"; };
		179F356416B177F300A396FE /* ASICacheDelegate.h */ = {isa = PBXFileReference; fileEncoding = 4; lastKnownFileType = sourcecode.c.h; path = ASICacheDelegate.h; sourceTree = "<group>"; };
		179F356516B177F300A396FE /* ASIDataCompressor.h */ = {isa = PBXFileReference; fileEncoding = 4; lastKnownFileType = sourcecode.c.h; path = ASIDataCompressor.h; sourceTree = "<group>"; };
		179F356616B177F300A396FE /* ASIDataCompressor.m */ = {isa = PBXFileReference; fileEncoding = 4; lastKnownFileType = sourcecode.c.objc; path = ASIDataCompressor.m; sourceTree = "<group>"; };
		179F356716B177F300A396FE /* ASIDataDecompressor.h */ = {isa = PBXFileReference; fileEncoding = 4; lastKnownFileType = sourcecode.c.h; path = ASIDataDecompressor.h; sourceTree = "<group>"; };
		179F356816B177F300A396FE /* ASIDataDecompressor.m */ = {isa = PBXFileReference; fileEncoding = 4; lastKnownFileType = sourcecode.c.objc; path = ASIDataDecompressor.m; sourceTree = "<group>"; };
		179F356916B177F300A396FE /* ASIDownloadCache.h */ = {isa = PBXFileReference; fileEncoding = 4; lastKnownFileType = sourcecode.c.h; path = ASIDownloadCache.h; sourceTree = "<group>"; };
		179F356A16B177F300A396FE /* ASIDownloadCache.m */ = {isa = PBXFileReference; fileEncoding = 4; lastKnownFileType = sourcecode.c.objc; path = ASIDownloadCache.m; sourceTree = "<group>"; };
		179F356B16B177F300A396FE /* ASIFormDataRequest.h */ = {isa = PBXFileReference; fileEncoding = 4; lastKnownFileType = sourcecode.c.h; path = ASIFormDataRequest.h; sourceTree = "<group>"; };
		179F356C16B177F300A396FE /* ASIFormDataRequest.m */ = {isa = PBXFileReference; fileEncoding = 4; lastKnownFileType = sourcecode.c.objc; path = ASIFormDataRequest.m; sourceTree = "<group>"; };
		179F356D16B177F300A396FE /* ASIHTTPRequest.h */ = {isa = PBXFileReference; fileEncoding = 4; lastKnownFileType = sourcecode.c.h; path = ASIHTTPRequest.h; sourceTree = "<group>"; };
		179F356E16B177F300A396FE /* ASIHTTPRequest.m */ = {isa = PBXFileReference; fileEncoding = 4; lastKnownFileType = sourcecode.c.objc; path = ASIHTTPRequest.m; sourceTree = "<group>"; };
		179F356F16B177F300A396FE /* ASIHTTPRequestConfig.h */ = {isa = PBXFileReference; fileEncoding = 4; lastKnownFileType = sourcecode.c.h; path = ASIHTTPRequestConfig.h; sourceTree = "<group>"; };
		179F357016B177F300A396FE /* ASIHTTPRequestDelegate.h */ = {isa = PBXFileReference; fileEncoding = 4; lastKnownFileType = sourcecode.c.h; path = ASIHTTPRequestDelegate.h; sourceTree = "<group>"; };
		179F357116B177F300A396FE /* ASIInputStream.h */ = {isa = PBXFileReference; fileEncoding = 4; lastKnownFileType = sourcecode.c.h; path = ASIInputStream.h; sourceTree = "<group>"; };
		179F357216B177F300A396FE /* ASIInputStream.m */ = {isa = PBXFileReference; fileEncoding = 4; lastKnownFileType = sourcecode.c.objc; path = ASIInputStream.m; sourceTree = "<group>"; };
		179F357316B177F300A396FE /* ASINetworkQueue.h */ = {isa = PBXFileReference; fileEncoding = 4; lastKnownFileType = sourcecode.c.h; path = ASINetworkQueue.h; sourceTree = "<group>"; };
		179F357416B177F300A396FE /* ASINetworkQueue.m */ = {isa = PBXFileReference; fileEncoding = 4; lastKnownFileType = sourcecode.c.objc; path = ASINetworkQueue.m; sourceTree = "<group>"; };
		179F357516B177F300A396FE /* ASIProgressDelegate.h */ = {isa = PBXFileReference; fileEncoding = 4; lastKnownFileType = sourcecode.c.h; path = ASIProgressDelegate.h; sourceTree = "<group>"; };
		179F357716B177F300A396FE /* FMDatabase.h */ = {isa = PBXFileReference; fileEncoding = 4; lastKnownFileType = sourcecode.c.h; path = FMDatabase.h; sourceTree = "<group>"; };
		179F357816B177F300A396FE /* FMDatabase.m */ = {isa = PBXFileReference; fileEncoding = 4; lastKnownFileType = sourcecode.c.objc; path = FMDatabase.m; sourceTree = "<group>"; };
		179F357916B177F300A396FE /* FMDatabaseAdditions.h */ = {isa = PBXFileReference; fileEncoding = 4; lastKnownFileType = sourcecode.c.h; path = FMDatabaseAdditions.h; sourceTree = "<group>"; };
		179F357A16B177F300A396FE /* FMDatabaseAdditions.m */ = {isa = PBXFileReference; fileEncoding = 4; lastKnownFileType = sourcecode.c.objc; path = FMDatabaseAdditions.m; sourceTree = "<group>"; };
		179F357B16B177F300A396FE /* FMDatabasePool.h */ = {isa = PBXFileReference; fileEncoding = 4; lastKnownFileType = sourcecode.c.h; path = FMDatabasePool.h; sourceTree = "<group>"; };
		179F357C16B177F300A396FE /* FMDatabasePool.m */ = {isa = PBXFileReference; fileEncoding = 4; lastKnownFileType = sourcecode.c.objc; path = FMDatabasePool.m; sourceTree = "<group>"; };
		179F357D16B177F300A396FE /* FMDatabaseQueue.h */ = {isa = PBXFileReference; fileEncoding = 4; lastKnownFileType = sourcecode.c.h; path = FMDatabaseQueue.h; sourceTree = "<group>"; };
		179F357E16B177F300A396FE /* FMDatabaseQueue.m */ = {isa = PBXFileReference; fileEncoding = 4; lastKnownFileType = sourcecode.c.objc; path = FMDatabaseQueue.m; sourceTree = "<group>"; };
		179F357F16B177F300A396FE /* FMResultSet.h */ = {isa = PBXFileReference; fileEncoding = 4; lastKnownFileType = sourcecode.c.h; path = FMResultSet.h; sourceTree = "<group>"; };
		179F358016B177F300A396FE /* FMResultSet.m */ = {isa = PBXFileReference; fileEncoding = 4; lastKnownFileType = sourcecode.c.objc; path = FMResultSet.m; sourceTree = "<group>"; };
		179F358F16B1817200A396FE /* Reachability.h */ = {isa = PBXFileReference; fileEncoding = 4; lastKnownFileType = sourcecode.c.h; path = Reachability.h; sourceTree = "<group>"; };
		179F359016B1817200A396FE /* Reachability.m */ = {isa = PBXFileReference; fileEncoding = 4; lastKnownFileType = sourcecode.c.objc; path = Reachability.m; sourceTree = "<group>"; };
		179F359216B181A100A396FE /* libsqlite3.dylib */ = {isa = PBXFileReference; lastKnownFileType = "compiled.mach-o.dylib"; name = libsqlite3.dylib; path = usr/lib/libsqlite3.dylib; sourceTree = SDKROOT; };
		179F359416B181AA00A396FE /* CFNetwork.framework */ = {isa = PBXFileReference; lastKnownFileType = wrapper.framework; name = CFNetwork.framework; path = System/Library/Frameworks/CFNetwork.framework; sourceTree = SDKROOT; };
		179F359616B181D100A396FE /* SystemConfiguration.framework */ = {isa = PBXFileReference; lastKnownFileType = wrapper.framework; name = SystemConfiguration.framework; path = System/Library/Frameworks/SystemConfiguration.framework; sourceTree = SDKROOT; };
		179F359816B181F800A396FE /* MobileCoreServices.framework */ = {isa = PBXFileReference; lastKnownFileType = wrapper.framework; name = MobileCoreServices.framework; path = System/Library/Frameworks/MobileCoreServices.framework; sourceTree = SDKROOT; };
		179F359A16B1820200A396FE /* AVFoundation.framework */ = {isa = PBXFileReference; lastKnownFileType = wrapper.framework; name = AVFoundation.framework; path = System/Library/Frameworks/AVFoundation.framework; sourceTree = SDKROOT; };
		179F359C16B1821C00A396FE /* QuartzCore.framework */ = {isa = PBXFileReference; lastKnownFileType = wrapper.framework; name = QuartzCore.framework; path = System/Library/Frameworks/QuartzCore.framework; sourceTree = SDKROOT; };
		179F359E16B1822800A396FE /* CoreTelephony.framework */ = {isa = PBXFileReference; lastKnownFileType = wrapper.framework; name = CoreTelephony.framework; path = System/Library/Frameworks/CoreTelephony.framework; sourceTree = SDKROOT; };
		179F35A016B1823500A396FE /* MessageUI.framework */ = {isa = PBXFileReference; lastKnownFileType = wrapper.framework; name = MessageUI.framework; path = System/Library/Frameworks/MessageUI.framework; sourceTree = SDKROOT; };
		179F35A716B1828500A396FE /* libz.dylib */ = {isa = PBXFileReference; lastKnownFileType = "compiled.mach-o.dylib"; name = libz.dylib; path = usr/lib/libz.dylib; sourceTree = SDKROOT; };
		17AA96FE16B3C32E00911DE2 /* UserViewController.h */ = {isa = PBXFileReference; fileEncoding = 4; lastKnownFileType = sourcecode.c.h; path = UserViewController.h; sourceTree = "<group>"; };
		17AA96FF16B3C32E00911DE2 /* UserViewController.m */ = {isa = PBXFileReference; fileEncoding = 4; lastKnownFileType = sourcecode.c.objc; path = UserViewController.m; sourceTree = "<group>"; };
		17AA970016B3C32E00911DE2 /* UserViewController.xib */ = {isa = PBXFileReference; fileEncoding = 4; lastKnownFileType = file.xib; path = UserViewController.xib; sourceTree = "<group>"; };
		17AA970316B3C41800911DE2 /* RegisterViewController.h */ = {isa = PBXFileReference; fileEncoding = 4; lastKnownFileType = sourcecode.c.h; path = RegisterViewController.h; sourceTree = "<group>"; };
		17AA970416B3C41800911DE2 /* RegisterViewController.m */ = {isa = PBXFileReference; fileEncoding = 4; lastKnownFileType = sourcecode.c.objc; path = RegisterViewController.m; sourceTree = "<group>"; };
		17AA970516B3C41800911DE2 /* RegisterViewController.xib */ = {isa = PBXFileReference; fileEncoding = 4; lastKnownFileType = file.xib; path = RegisterViewController.xib; sourceTree = "<group>"; };
		17AA970816B3C43700911DE2 /* LoginViewController.h */ = {isa = PBXFileReference; fileEncoding = 4; lastKnownFileType = sourcecode.c.h; path = LoginViewController.h; sourceTree = "<group>"; };
		17AA970916B3C43700911DE2 /* LoginViewController.m */ = {isa = PBXFileReference; fileEncoding = 4; lastKnownFileType = sourcecode.c.objc; path = LoginViewController.m; sourceTree = "<group>"; };
		17AA970A16B3C43700911DE2 /* LoginViewController.xib */ = {isa = PBXFileReference; fileEncoding = 4; lastKnownFileType = file.xib; path = LoginViewController.xib; sourceTree = "<group>"; };
		17AA971416B3E27700911DE2 /* CoreService.h */ = {isa = PBXFileReference; fileEncoding = 4; lastKnownFileType = sourcecode.c.h; path = CoreService.h; sourceTree = "<group>"; };
		17AA971516B3E27700911DE2 /* CoreService.m */ = {isa = PBXFileReference; fileEncoding = 4; lastKnownFileType = sourcecode.c.objc; path = CoreService.m; sourceTree = "<group>"; };
		17AA971816B4005000911DE2 /* LocationViewController.h */ = {isa = PBXFileReference; fileEncoding = 4; lastKnownFileType = sourcecode.c.h; path = LocationViewController.h; sourceTree = "<group>"; };
		17AA971916B4005000911DE2 /* LocationViewController.m */ = {isa = PBXFileReference; fileEncoding = 4; lastKnownFileType = sourcecode.c.objc; path = LocationViewController.m; sourceTree = "<group>"; };
		17AA971A16B4005000911DE2 /* LocationViewController.xib */ = {isa = PBXFileReference; fileEncoding = 4; lastKnownFileType = file.xib; path = LocationViewController.xib; sourceTree = "<group>"; };
		17AA971D16B402C000911DE2 /* MapKit.framework */ = {isa = PBXFileReference; lastKnownFileType = wrapper.framework; name = MapKit.framework; path = System/Library/Frameworks/MapKit.framework; sourceTree = SDKROOT; };
		17AA971F16B4079200911DE2 /* CoreLocation.framework */ = {isa = PBXFileReference; lastKnownFileType = wrapper.framework; name = CoreLocation.framework; path = System/Library/Frameworks/CoreLocation.framework; sourceTree = SDKROOT; };
		17AA972216B40A6600911DE2 /* UpKeepViewController.h */ = {isa = PBXFileReference; fileEncoding = 4; lastKnownFileType = sourcecode.c.h; path = UpKeepViewController.h; sourceTree = "<group>"; };
		17AA972316B40A6600911DE2 /* UpKeepViewController.m */ = {isa = PBXFileReference; fileEncoding = 4; lastKnownFileType = sourcecode.c.objc; path = UpKeepViewController.m; sourceTree = "<group>"; };
		17AA972416B40A6600911DE2 /* UpKeepViewController.xib */ = {isa = PBXFileReference; fileEncoding = 4; lastKnownFileType = file.xib; path = UpKeepViewController.xib; sourceTree = "<group>"; };
		17AA972716B4CD7400911DE2 /* ShopAnnotationView.h */ = {isa = PBXFileReference; fileEncoding = 4; lastKnownFileType = sourcecode.c.h; path = ShopAnnotationView.h; sourceTree = "<group>"; };
		17AA972816B4CD7400911DE2 /* ShopAnnotationView.m */ = {isa = PBXFileReference; fileEncoding = 4; lastKnownFileType = sourcecode.c.objc; path = ShopAnnotationView.m; sourceTree = "<group>"; };
		17AA972E16B4D84900911DE2 /* ShopPinAnnotation.h */ = {isa = PBXFileReference; fileEncoding = 4; lastKnownFileType = sourcecode.c.h; path = ShopPinAnnotation.h; sourceTree = "<group>"; };
		17AA972F16B4D84A00911DE2 /* ShopPinAnnotation.m */ = {isa = PBXFileReference; fileEncoding = 4; lastKnownFileType = sourcecode.c.objc; path = ShopPinAnnotation.m; sourceTree = "<group>"; };
		17E77D3616AED33E000F59D2 /* ZongHengXieChe.app */ = {isa = PBXFileReference; explicitFileType = wrapper.application; includeInIndex = 0; path = ZongHengXieChe.app; sourceTree = BUILT_PRODUCTS_DIR; };
		17E77D3A16AED33E000F59D2 /* UIKit.framework */ = {isa = PBXFileReference; lastKnownFileType = wrapper.framework; name = UIKit.framework; path = System/Library/Frameworks/UIKit.framework; sourceTree = SDKROOT; };
		17E77D3C16AED33E000F59D2 /* Foundation.framework */ = {isa = PBXFileReference; lastKnownFileType = wrapper.framework; name = Foundation.framework; path = System/Library/Frameworks/Foundation.framework; sourceTree = SDKROOT; };
		17E77D3E16AED33E000F59D2 /* CoreGraphics.framework */ = {isa = PBXFileReference; lastKnownFileType = wrapper.framework; name = CoreGraphics.framework; path = System/Library/Frameworks/CoreGraphics.framework; sourceTree = SDKROOT; };
		17E77D4216AED33E000F59D2 /* ZongHengXieChe-Info.plist */ = {isa = PBXFileReference; lastKnownFileType = text.plist.xml; path = "ZongHengXieChe-Info.plist"; sourceTree = "<group>"; };
		17E77D4416AED33E000F59D2 /* en */ = {isa = PBXFileReference; lastKnownFileType = text.plist.strings; name = en; path = en.lproj/InfoPlist.strings; sourceTree = "<group>"; };
		17E77D4616AED33E000F59D2 /* main.m */ = {isa = PBXFileReference; lastKnownFileType = sourcecode.c.objc; path = main.m; sourceTree = "<group>"; };
		17E77D4816AED33E000F59D2 /* ZongHengXieChe-Prefix.pch */ = {isa = PBXFileReference; lastKnownFileType = sourcecode.c.h; path = "ZongHengXieChe-Prefix.pch"; sourceTree = "<group>"; };
		17E77D4C16AED33E000F59D2 /* Default.png */ = {isa = PBXFileReference; lastKnownFileType = image.png; path = Default.png; sourceTree = "<group>"; };
		17E77D4E16AED33E000F59D2 /* Default@2x.png */ = {isa = PBXFileReference; lastKnownFileType = image.png; path = "Default@2x.png"; sourceTree = "<group>"; };
		17E77D5016AED33E000F59D2 /* Default-568h@2x.png */ = {isa = PBXFileReference; lastKnownFileType = image.png; path = "Default-568h@2x.png"; sourceTree = "<group>"; };
		17E77D5D16AED39C000F59D2 /* nav_bg.png */ = {isa = PBXFileReference; lastKnownFileType = image.png; path = nav_bg.png; sourceTree = "<group>"; };
		17E77D5E16AED39C000F59D2 /* navbar_bg.png */ = {isa = PBXFileReference; lastKnownFileType = image.png; path = navbar_bg.png; sourceTree = "<group>"; };
		17E77D5F16AED39C000F59D2 /* tab_button1_normal.png */ = {isa = PBXFileReference; lastKnownFileType = image.png; path = tab_button1_normal.png; sourceTree = "<group>"; };
		17E77D6016AED39C000F59D2 /* tab_button1_selected.png */ = {isa = PBXFileReference; lastKnownFileType = image.png; path = tab_button1_selected.png; sourceTree = "<group>"; };
		17E77D6116AED39C000F59D2 /* tab_button2_normal.png */ = {isa = PBXFileReference; lastKnownFileType = image.png; path = tab_button2_normal.png; sourceTree = "<group>"; };
		17E77D6216AED39C000F59D2 /* tab_button2_selected.png */ = {isa = PBXFileReference; lastKnownFileType = image.png; path = tab_button2_selected.png; sourceTree = "<group>"; };
		17E77D6316AED39C000F59D2 /* tab_button3_normal.png */ = {isa = PBXFileReference; lastKnownFileType = image.png; path = tab_button3_normal.png; sourceTree = "<group>"; };
		17E77D6416AED39C000F59D2 /* tab_button3_selected.png */ = {isa = PBXFileReference; lastKnownFileType = image.png; path = tab_button3_selected.png; sourceTree = "<group>"; };
		17E77D6516AED39C000F59D2 /* tab_button4_normal.png */ = {isa = PBXFileReference; lastKnownFileType = image.png; path = tab_button4_normal.png; sourceTree = "<group>"; };
		17E77D6616AED39C000F59D2 /* tab_button4_selected.png */ = {isa = PBXFileReference; lastKnownFileType = image.png; path = tab_button4_selected.png; sourceTree = "<group>"; };
		17E77D7616AED3DD000F59D2 /* BaseViewController.h */ = {isa = PBXFileReference; fileEncoding = 4; lastKnownFileType = sourcecode.c.h; path = BaseViewController.h; sourceTree = "<group>"; };
		17E77D7716AED3DD000F59D2 /* BaseViewController.m */ = {isa = PBXFileReference; fileEncoding = 4; lastKnownFileType = sourcecode.c.objc; path = BaseViewController.m; sourceTree = "<group>"; };
		17E77D7816AED3DD000F59D2 /* CustomTabBarController.h */ = {isa = PBXFileReference; fileEncoding = 4; lastKnownFileType = sourcecode.c.h; path = CustomTabBarController.h; sourceTree = "<group>"; };
		17E77D7916AED3DD000F59D2 /* CustomTabBarController.m */ = {isa = PBXFileReference; fileEncoding = 4; lastKnownFileType = sourcecode.c.objc; path = CustomTabBarController.m; sourceTree = "<group>"; };
		17E77D7A16AED3DD000F59D2 /* CustomNavigationBar.h */ = {isa = PBXFileReference; fileEncoding = 4; lastKnownFileType = sourcecode.c.h; path = CustomNavigationBar.h; sourceTree = "<group>"; };
		17E77D7B16AED3DD000F59D2 /* CustomNavigationBar.m */ = {isa = PBXFileReference; fileEncoding = 4; lastKnownFileType = sourcecode.c.objc; path = CustomNavigationBar.m; sourceTree = "<group>"; };
		17E77D7F16AED3E9000F59D2 /* MyAccountViewController.h */ = {isa = PBXFileReference; fileEncoding = 4; lastKnownFileType = sourcecode.c.h; path = MyAccountViewController.h; sourceTree = "<group>"; };
		17E77D8016AED3E9000F59D2 /* MyAccountViewController.m */ = {isa = PBXFileReference; fileEncoding = 4; lastKnownFileType = sourcecode.c.objc; path = MyAccountViewController.m; sourceTree = "<group>"; };
		17E77D8116AED3E9000F59D2 /* MyAccountViewController.xib */ = {isa = PBXFileReference; fileEncoding = 4; lastKnownFileType = file.xib; path = MyAccountViewController.xib; sourceTree = "<group>"; };
		17E77D8216AED3E9000F59D2 /* OptionCell.h */ = {isa = PBXFileReference; fileEncoding = 4; lastKnownFileType = sourcecode.c.h; path = OptionCell.h; sourceTree = "<group>"; };
		17E77D8316AED3E9000F59D2 /* OptionCell.m */ = {isa = PBXFileReference; fileEncoding = 4; lastKnownFileType = sourcecode.c.objc; path = OptionCell.m; sourceTree = "<group>"; };
		17E77D8416AED3E9000F59D2 /* OptionCell.xib */ = {isa = PBXFileReference; fileEncoding = 4; lastKnownFileType = file.xib; path = OptionCell.xib; sourceTree = "<group>"; };
		17E77D8916AED3F6000F59D2 /* BookingViewController.h */ = {isa = PBXFileReference; fileEncoding = 4; lastKnownFileType = sourcecode.c.h; path = BookingViewController.h; sourceTree = "<group>"; };
		17E77D8A16AED3F6000F59D2 /* BookingViewController.m */ = {isa = PBXFileReference; fileEncoding = 4; lastKnownFileType = sourcecode.c.objc; path = BookingViewController.m; sourceTree = "<group>"; };
		17E77D8B16AED3F6000F59D2 /* BookingViewController.xib */ = {isa = PBXFileReference; fileEncoding = 4; lastKnownFileType = file.xib; path = BookingViewController.xib; sourceTree = "<group>"; };
		17E77D8E16AED401000F59D2 /* SettingViewController.h */ = {isa = PBXFileReference; fileEncoding = 4; lastKnownFileType = sourcecode.c.h; path = SettingViewController.h; sourceTree = "<group>"; };
		17E77D8F16AED401000F59D2 /* SettingViewController.m */ = {isa = PBXFileReference; fileEncoding = 4; lastKnownFileType = sourcecode.c.objc; path = SettingViewController.m; sourceTree = "<group>"; };
		17E77D9016AED401000F59D2 /* SettingViewController.xib */ = {isa = PBXFileReference; fileEncoding = 4; lastKnownFileType = file.xib; path = SettingViewController.xib; sourceTree = "<group>"; };
		17E77D9316AED40E000F59D2 /* MoreViewController.h */ = {isa = PBXFileReference; fileEncoding = 4; lastKnownFileType = sourcecode.c.h; path = MoreViewController.h; sourceTree = "<group>"; };
		17E77D9416AED40E000F59D2 /* MoreViewController.m */ = {isa = PBXFileReference; fileEncoding = 4; lastKnownFileType = sourcecode.c.objc; path = MoreViewController.m; sourceTree = "<group>"; };
		17E77D9516AED40E000F59D2 /* MoreViewController.xib */ = {isa = PBXFileReference; fileEncoding = 4; lastKnownFileType = file.xib; path = MoreViewController.xib; sourceTree = "<group>"; };
		17E77D9A16AED42A000F59D2 /* AppDelegate.h */ = {isa = PBXFileReference; fileEncoding = 4; lastKnownFileType = sourcecode.c.h; path = AppDelegate.h; sourceTree = "<group>"; };
		17E77D9B16AED42A000F59D2 /* AppDelegate.m */ = {isa = PBXFileReference; fileEncoding = 4; lastKnownFileType = sourcecode.c.objc; path = AppDelegate.m; sourceTree = "<group>"; };
		17E77D9C16AED42A000F59D2 /* Constants.h */ = {isa = PBXFileReference; fileEncoding = 4; lastKnownFileType = sourcecode.c.h; path = Constants.h; sourceTree = "<group>"; };
		17E77D9D16AED42A000F59D2 /* Constants.m */ = {isa = PBXFileReference; fileEncoding = 4; lastKnownFileType = sourcecode.c.objc; path = Constants.m; sourceTree = "<group>"; };
		17E77DA016AED433000F59D2 /* Option.h */ = {isa = PBXFileReference; fileEncoding = 4; lastKnownFileType = sourcecode.c.h; path = Option.h; sourceTree = "<group>"; };
		17E77DA116AED433000F59D2 /* Option.m */ = {isa = PBXFileReference; fileEncoding = 4; lastKnownFileType = sourcecode.c.objc; path = Option.m; sourceTree = "<group>"; };
/* End PBXFileReference section */

/* Begin PBXFrameworksBuildPhase section */
		17E77D3316AED33E000F59D2 /* Frameworks */ = {
			isa = PBXFrameworksBuildPhase;
			buildActionMask = 2147483647;
			files = (
				179F359516B181AA00A396FE /* CFNetwork.framework in Frameworks */,
				17AA972016B4079200911DE2 /* CoreLocation.framework in Frameworks */,
				17E77D3F16AED33E000F59D2 /* CoreGraphics.framework in Frameworks */,
				17E77D3D16AED33E000F59D2 /* Foundation.framework in Frameworks */,
				179F35A616B1826D00A396FE /* QuartzCore.framework in Frameworks */,
				17AA971E16B402C100911DE2 /* MapKit.framework in Frameworks */,
				179F359916B181F800A396FE /* MobileCoreServices.framework in Frameworks */,
				179F359716B181D100A396FE /* SystemConfiguration.framework in Frameworks */,
				17E77D3B16AED33E000F59D2 /* UIKit.framework in Frameworks */,
				179F35A816B1828500A396FE /* libz.dylib in Frameworks */,
				179F359316B181A100A396FE /* libsqlite3.dylib in Frameworks */,
			);
			runOnlyForDeploymentPostprocessing = 0;
		};
/* End PBXFrameworksBuildPhase section */

/* Begin PBXGroup section */
		177E504216B23ED1001D0B2D /* GDataXML */ = {
			isa = PBXGroup;
			children = (
				177E504B16B240D2001D0B2D /* GDataXMLNode.h */,
				177E504C16B240D2001D0B2D /* GDataXMLNode.m */,
			);
			path = GDataXML;
			sourceTree = "<group>";
		};
		177E504E16B299D9001D0B2D /* XMLReader */ = {
			isa = PBXGroup;
			children = (
				177E504F16B299D9001D0B2D /* XMLReader.h */,
				177E505016B299D9001D0B2D /* XMLReader.m */,
			);
			path = XMLReader;
			sourceTree = "<group>";
		};
		179F356016B177E900A396FE /* Library */ = {
			isa = PBXGroup;
			children = (
				177E504E16B299D9001D0B2D /* XMLReader */,
				177E504216B23ED1001D0B2D /* GDataXML */,
				179F358E16B1817200A396FE /* Reachability */,
				179F356116B177F300A396FE /* ASI */,
				179F357616B177F300A396FE /* FMDB */,
			);
			path = Library;
			sourceTree = "<group>";
		};
		179F356116B177F300A396FE /* ASI */ = {
			isa = PBXGroup;
			children = (
				179F356216B177F300A396FE /* ASIAuthenticationDialog.h */,
				179F356316B177F300A396FE /* ASIAuthenticationDialog.m */,
				179F356416B177F300A396FE /* ASICacheDelegate.h */,
				179F356516B177F300A396FE /* ASIDataCompressor.h */,
				179F356616B177F300A396FE /* ASIDataCompressor.m */,
				179F356716B177F300A396FE /* ASIDataDecompressor.h */,
				179F356816B177F300A396FE /* ASIDataDecompressor.m */,
				179F356916B177F300A396FE /* ASIDownloadCache.h */,
				179F356A16B177F300A396FE /* ASIDownloadCache.m */,
				179F356B16B177F300A396FE /* ASIFormDataRequest.h */,
				179F356C16B177F300A396FE /* ASIFormDataRequest.m */,
				179F356D16B177F300A396FE /* ASIHTTPRequest.h */,
				179F356E16B177F300A396FE /* ASIHTTPRequest.m */,
				179F356F16B177F300A396FE /* ASIHTTPRequestConfig.h */,
				179F357016B177F300A396FE /* ASIHTTPRequestDelegate.h */,
				179F357116B177F300A396FE /* ASIInputStream.h */,
				179F357216B177F300A396FE /* ASIInputStream.m */,
				179F357316B177F300A396FE /* ASINetworkQueue.h */,
				179F357416B177F300A396FE /* ASINetworkQueue.m */,
				179F357516B177F300A396FE /* ASIProgressDelegate.h */,
			);
			path = ASI;
			sourceTree = "<group>";
		};
		179F357616B177F300A396FE /* FMDB */ = {
			isa = PBXGroup;
			children = (
				179F357716B177F300A396FE /* FMDatabase.h */,
				179F357816B177F300A396FE /* FMDatabase.m */,
				179F357916B177F300A396FE /* FMDatabaseAdditions.h */,
				179F357A16B177F300A396FE /* FMDatabaseAdditions.m */,
				179F357B16B177F300A396FE /* FMDatabasePool.h */,
				179F357C16B177F300A396FE /* FMDatabasePool.m */,
				179F357D16B177F300A396FE /* FMDatabaseQueue.h */,
				179F357E16B177F300A396FE /* FMDatabaseQueue.m */,
				179F357F16B177F300A396FE /* FMResultSet.h */,
				179F358016B177F300A396FE /* FMResultSet.m */,
			);
			path = FMDB;
			sourceTree = "<group>";
		};
		179F358E16B1817200A396FE /* Reachability */ = {
			isa = PBXGroup;
			children = (
				179F358F16B1817200A396FE /* Reachability.h */,
				179F359016B1817200A396FE /* Reachability.m */,
			);
			path = Reachability;
			sourceTree = "<group>";
		};
		17AA96FC16B3C2EC00911DE2 /* User */ = {
			isa = PBXGroup;
			children = (
				17AA96FE16B3C32E00911DE2 /* UserViewController.h */,
				17AA96FF16B3C32E00911DE2 /* UserViewController.m */,
				17AA970016B3C32E00911DE2 /* UserViewController.xib */,
				17AA970316B3C41800911DE2 /* RegisterViewController.h */,
				17AA970416B3C41800911DE2 /* RegisterViewController.m */,
				17AA970516B3C41800911DE2 /* RegisterViewController.xib */,
				17AA970816B3C43700911DE2 /* LoginViewController.h */,
				17AA970916B3C43700911DE2 /* LoginViewController.m */,
				17AA970A16B3C43700911DE2 /* LoginViewController.xib */,
			);
			name = User;
			sourceTree = "<group>";
		};
		17AA971716B4001B00911DE2 /* Location */ = {
			isa = PBXGroup;
			children = (
				17AA971816B4005000911DE2 /* LocationViewController.h */,
				17AA971916B4005000911DE2 /* LocationViewController.m */,
				17AA971A16B4005000911DE2 /* LocationViewController.xib */,
				17AA972716B4CD7400911DE2 /* ShopAnnotationView.h */,
				17AA972816B4CD7400911DE2 /* ShopAnnotationView.m */,
				17AA972E16B4D84900911DE2 /* ShopPinAnnotation.h */,
				17AA972F16B4D84A00911DE2 /* ShopPinAnnotation.m */,
			);
			name = Location;
			sourceTree = "<group>";
		};
		17AA972116B40A5500911DE2 /* Upkeep */ = {
			isa = PBXGroup;
			children = (
				17AA972216B40A6600911DE2 /* UpKeepViewController.h */,
				17AA972316B40A6600911DE2 /* UpKeepViewController.m */,
				17AA972416B40A6600911DE2 /* UpKeepViewController.xib */,
			);
			name = Upkeep;
			sourceTree = "<group>";
		};
		17E77D2B16AED33E000F59D2 = {
			isa = PBXGroup;
			children = (
				17E77D4016AED33E000F59D2 /* ZongHengXieChe */,
				17E77D3916AED33E000F59D2 /* Frameworks */,
				17E77D3716AED33E000F59D2 /* Products */,
			);
			sourceTree = "<group>";
		};
		17E77D3716AED33E000F59D2 /* Products */ = {
			isa = PBXGroup;
			children = (
				17E77D3616AED33E000F59D2 /* ZongHengXieChe.app */,
			);
			name = Products;
			sourceTree = "<group>";
		};
		17E77D3916AED33E000F59D2 /* Frameworks */ = {
			isa = PBXGroup;
			children = (
				17AA971F16B4079200911DE2 /* CoreLocation.framework */,
				17AA971D16B402C000911DE2 /* MapKit.framework */,
				179F35A716B1828500A396FE /* libz.dylib */,
				179F35A016B1823500A396FE /* MessageUI.framework */,
				179F359E16B1822800A396FE /* CoreTelephony.framework */,
				179F359C16B1821C00A396FE /* QuartzCore.framework */,
				179F359A16B1820200A396FE /* AVFoundation.framework */,
				179F359816B181F800A396FE /* MobileCoreServices.framework */,
				179F359616B181D100A396FE /* SystemConfiguration.framework */,
				179F359416B181AA00A396FE /* CFNetwork.framework */,
				179F359216B181A100A396FE /* libsqlite3.dylib */,
				17E77D3A16AED33E000F59D2 /* UIKit.framework */,
				17E77D3C16AED33E000F59D2 /* Foundation.framework */,
				17E77D3E16AED33E000F59D2 /* CoreGraphics.framework */,
			);
			name = Frameworks;
			sourceTree = "<group>";
		};
		17E77D4016AED33E000F59D2 /* ZongHengXieChe */ = {
			isa = PBXGroup;
			children = (
				17E77D5716AED351000F59D2 /* Core */,
				17E77D5916AED362000F59D2 /* Resource */,
				17E77D4116AED33E000F59D2 /* Supporting Files */,
			);
			path = ZongHengXieChe;
			sourceTree = "<group>";
		};
		17E77D4116AED33E000F59D2 /* Supporting Files */ = {
			isa = PBXGroup;
			children = (
				17E77D4216AED33E000F59D2 /* ZongHengXieChe-Info.plist */,
				17E77D4316AED33E000F59D2 /* InfoPlist.strings */,
				17E77D4616AED33E000F59D2 /* main.m */,
				17E77D4816AED33E000F59D2 /* ZongHengXieChe-Prefix.pch */,
				17E77D4C16AED33E000F59D2 /* Default.png */,
				17E77D4E16AED33E000F59D2 /* Default@2x.png */,
				17E77D5016AED33E000F59D2 /* Default-568h@2x.png */,
				173326E016BA380E0025515E /* Localizable.strings */,
			);
			name = "Supporting Files";
			sourceTree = "<group>";
		};
		17E77D5716AED351000F59D2 /* Core */ = {
			isa = PBXGroup;
			children = (
				17E77D5816AED358000F59D2 /* Class */,
				17E77D5A16AED36D000F59D2 /* UI */,
			);
			name = Core;
			sourceTree = "<group>";
		};
		17E77D5816AED358000F59D2 /* Class */ = {
			isa = PBXGroup;
			children = (
				17E77D9916AED41D000F59D2 /* Base */,
				17E77D9816AED413000F59D2 /* Model */,
				179F356016B177E900A396FE /* Library */,
			);
			name = Class;
			sourceTree = "<group>";
		};
		17E77D5916AED362000F59D2 /* Resource */ = {
			isa = PBXGroup;
			children = (
				17E77D5B16AED39C000F59D2 /* images */,
			);
			name = Resource;
			sourceTree = "<group>";
		};
		17E77D5A16AED36D000F59D2 /* UI */ = {
			isa = PBXGroup;
			children = (
				17E77D7516AED3CB000F59D2 /* Base */,
				17E77D7416AED3BA000F59D2 /* Account */,
				17E77D7316AED3B1000F59D2 /* Booking */,
				17E77D7216AED3AC000F59D2 /* Setting */,
				17E77D7116AED3A5000F59D2 /* More */,
			);
			name = UI;
			sourceTree = "<group>";
		};
		17E77D5B16AED39C000F59D2 /* images */ = {
			isa = PBXGroup;
			children = (
				17E77D5C16AED39C000F59D2 /* base */,
			);
			path = images;
			sourceTree = "<group>";
		};
		17E77D5C16AED39C000F59D2 /* base */ = {
			isa = PBXGroup;
			children = (
				17E77D5D16AED39C000F59D2 /* nav_bg.png */,
				17E77D5E16AED39C000F59D2 /* navbar_bg.png */,
				17E77D5F16AED39C000F59D2 /* tab_button1_normal.png */,
				17E77D6016AED39C000F59D2 /* tab_button1_selected.png */,
				17E77D6116AED39C000F59D2 /* tab_button2_normal.png */,
				17E77D6216AED39C000F59D2 /* tab_button2_selected.png */,
				17E77D6316AED39C000F59D2 /* tab_button3_normal.png */,
				17E77D6416AED39C000F59D2 /* tab_button3_selected.png */,
				17E77D6516AED39C000F59D2 /* tab_button4_normal.png */,
				17E77D6616AED39C000F59D2 /* tab_button4_selected.png */,
			);
			path = base;
			sourceTree = "<group>";
		};
		17E77D7116AED3A5000F59D2 /* More */ = {
			isa = PBXGroup;
			children = (
				17E77D9316AED40E000F59D2 /* MoreViewController.h */,
				17E77D9416AED40E000F59D2 /* MoreViewController.m */,
				17E77D9516AED40E000F59D2 /* MoreViewController.xib */,
			);
			name = More;
			sourceTree = "<group>";
		};
		17E77D7216AED3AC000F59D2 /* Setting */ = {
			isa = PBXGroup;
			children = (
				17E77D8E16AED401000F59D2 /* SettingViewController.h */,
				17E77D8F16AED401000F59D2 /* SettingViewController.m */,
				17E77D9016AED401000F59D2 /* SettingViewController.xib */,
			);
			name = Setting;
			sourceTree = "<group>";
		};
		17E77D7316AED3B1000F59D2 /* Booking */ = {
			isa = PBXGroup;
			children = (
				17E77D8916AED3F6000F59D2 /* BookingViewController.h */,
				17E77D8A16AED3F6000F59D2 /* BookingViewController.m */,
				17E77D8B16AED3F6000F59D2 /* BookingViewController.xib */,
			);
			name = Booking;
			sourceTree = "<group>";
		};
		17E77D7416AED3BA000F59D2 /* Account */ = {
			isa = PBXGroup;
			children = (
				17AA972116B40A5500911DE2 /* Upkeep */,
				17E77D7F16AED3E9000F59D2 /* MyAccountViewController.h */,
				17E77D8016AED3E9000F59D2 /* MyAccountViewController.m */,
				17E77D8116AED3E9000F59D2 /* MyAccountViewController.xib */,
				17E77D8216AED3E9000F59D2 /* OptionCell.h */,
				17E77D8316AED3E9000F59D2 /* OptionCell.m */,
				17E77D8416AED3E9000F59D2 /* OptionCell.xib */,
				17AA96FC16B3C2EC00911DE2 /* User */,
				17AA971716B4001B00911DE2 /* Location */,
			);
			name = Account;
			sourceTree = "<group>";
		};
		17E77D7516AED3CB000F59D2 /* Base */ = {
			isa = PBXGroup;
			children = (
				17E77D7616AED3DD000F59D2 /* BaseViewController.h */,
				17E77D7716AED3DD000F59D2 /* BaseViewController.m */,
				17E77D7816AED3DD000F59D2 /* CustomTabBarController.h */,
				17E77D7916AED3DD000F59D2 /* CustomTabBarController.m */,
				17E77D7A16AED3DD000F59D2 /* CustomNavigationBar.h */,
				17E77D7B16AED3DD000F59D2 /* CustomNavigationBar.m */,
			);
			name = Base;
			sourceTree = "<group>";
		};
		17E77D9816AED413000F59D2 /* Model */ = {
			isa = PBXGroup;
			children = (
				17E77DA016AED433000F59D2 /* Option.h */,
				17E77DA116AED433000F59D2 /* Option.m */,
				177E503E16B23CCB001D0B2D /* Shop.h */,
				177E503F16B23CCB001D0B2D /* Shop.m */,
				173326DC16BA34990025515E /* User.h */,
				173326DD16BA34990025515E /* User.m */,
			);
			name = Model;
			sourceTree = "<group>";
		};
		17E77D9916AED41D000F59D2 /* Base */ = {
			isa = PBXGroup;
			children = (
				17E77D9A16AED42A000F59D2 /* AppDelegate.h */,
				17E77D9B16AED42A000F59D2 /* AppDelegate.m */,
				17E77D9C16AED42A000F59D2 /* Constants.h */,
				17E77D9D16AED42A000F59D2 /* Constants.m */,
				17AA971416B3E27700911DE2 /* CoreService.h */,
				17AA971516B3E27700911DE2 /* CoreService.m */,
			);
			name = Base;
			sourceTree = "<group>";
		};
/* End PBXGroup section */

/* Begin PBXNativeTarget section */
		17E77D3516AED33E000F59D2 /* ZongHengXieChe */ = {
			isa = PBXNativeTarget;
			buildConfigurationList = 17E77D5416AED33E000F59D2 /* Build configuration list for PBXNativeTarget "ZongHengXieChe" */;
			buildPhases = (
				17E77D3216AED33E000F59D2 /* Sources */,
				17E77D3316AED33E000F59D2 /* Frameworks */,
				17E77D3416AED33E000F59D2 /* Resources */,
			);
			buildRules = (
			);
			dependencies = (
			);
			name = ZongHengXieChe;
			productName = ZongHengXieChe;
			productReference = 17E77D3616AED33E000F59D2 /* ZongHengXieChe.app */;
			productType = "com.apple.product-type.application";
		};
/* End PBXNativeTarget section */

/* Begin PBXProject section */
		17E77D2D16AED33E000F59D2 /* Project object */ = {
			isa = PBXProject;
			attributes = {
				LastUpgradeCheck = 0450;
				ORGANIZATIONNAME = kiddz;
			};
			buildConfigurationList = 17E77D3016AED33E000F59D2 /* Build configuration list for PBXProject "ZongHengXieChe" */;
			compatibilityVersion = "Xcode 3.2";
			developmentRegion = English;
			hasScannedForEncodings = 0;
			knownRegions = (
				en,
			);
			mainGroup = 17E77D2B16AED33E000F59D2;
			productRefGroup = 17E77D3716AED33E000F59D2 /* Products */;
			projectDirPath = "";
			projectRoot = "";
			targets = (
				17E77D3516AED33E000F59D2 /* ZongHengXieChe */,
			);
		};
/* End PBXProject section */

/* Begin PBXResourcesBuildPhase section */
		17E77D3416AED33E000F59D2 /* Resources */ = {
			isa = PBXResourcesBuildPhase;
			buildActionMask = 2147483647;
			files = (
				17E77D4516AED33E000F59D2 /* InfoPlist.strings in Resources */,
				17E77D4D16AED33E000F59D2 /* Default.png in Resources */,
				17E77D4F16AED33E000F59D2 /* Default@2x.png in Resources */,
				17E77D5116AED33E000F59D2 /* Default-568h@2x.png in Resources */,
				17E77D6716AED39C000F59D2 /* nav_bg.png in Resources */,
				17E77D6816AED39C000F59D2 /* navbar_bg.png in Resources */,
				17E77D6916AED39C000F59D2 /* tab_button1_normal.png in Resources */,
				17E77D6A16AED39C000F59D2 /* tab_button1_selected.png in Resources */,
				17E77D6B16AED39C000F59D2 /* tab_button2_normal.png in Resources */,
				17E77D6C16AED39C000F59D2 /* tab_button2_selected.png in Resources */,
				17E77D6D16AED39C000F59D2 /* tab_button3_normal.png in Resources */,
				17E77D6E16AED39C000F59D2 /* tab_button3_selected.png in Resources */,
				17E77D6F16AED39C000F59D2 /* tab_button4_normal.png in Resources */,
				17E77D7016AED39C000F59D2 /* tab_button4_selected.png in Resources */,
				17E77D8616AED3E9000F59D2 /* MyAccountViewController.xib in Resources */,
				17E77D8816AED3E9000F59D2 /* OptionCell.xib in Resources */,
				17E77D8D16AED3F6000F59D2 /* BookingViewController.xib in Resources */,
				17E77D9216AED401000F59D2 /* SettingViewController.xib in Resources */,
				17E77D9716AED40E000F59D2 /* MoreViewController.xib in Resources */,
				17AA970216B3C32E00911DE2 /* UserViewController.xib in Resources */,
				17AA970716B3C41800911DE2 /* RegisterViewController.xib in Resources */,
				17AA970C16B3C43700911DE2 /* LoginViewController.xib in Resources */,
				17AA971C16B4005000911DE2 /* LocationViewController.xib in Resources */,
				17AA972616B40A6600911DE2 /* UpKeepViewController.xib in Resources */,
				173326E116BA380E0025515E /* Localizable.strings in Resources */,
			);
			runOnlyForDeploymentPostprocessing = 0;
		};
/* End PBXResourcesBuildPhase section */

/* Begin PBXSourcesBuildPhase section */
		17E77D3216AED33E000F59D2 /* Sources */ = {
			isa = PBXSourcesBuildPhase;
			buildActionMask = 2147483647;
			files = (
				17E77D4716AED33E000F59D2 /* main.m in Sources */,
				17E77D7C16AED3DD000F59D2 /* BaseViewController.m in Sources */,
				17E77D7D16AED3DD000F59D2 /* CustomTabBarController.m in Sources */,
				17E77D7E16AED3DD000F59D2 /* CustomNavigationBar.m in Sources */,
				17E77D8516AED3E9000F59D2 /* MyAccountViewController.m in Sources */,
				17E77D8716AED3E9000F59D2 /* OptionCell.m in Sources */,
				17E77D8C16AED3F6000F59D2 /* BookingViewController.m in Sources */,
				17E77D9116AED401000F59D2 /* SettingViewController.m in Sources */,
				17E77D9616AED40E000F59D2 /* MoreViewController.m in Sources */,
				17E77D9E16AED42A000F59D2 /* AppDelegate.m in Sources */,
				17E77D9F16AED42A000F59D2 /* Constants.m in Sources */,
				17E77DA216AED433000F59D2 /* Option.m in Sources */,
				179F358116B177F300A396FE /* ASIAuthenticationDialog.m in Sources */,
				179F358216B177F300A396FE /* ASIDataCompressor.m in Sources */,
				179F358316B177F300A396FE /* ASIDataDecompressor.m in Sources */,
				179F358416B177F300A396FE /* ASIDownloadCache.m in Sources */,
				179F358516B177F300A396FE /* ASIFormDataRequest.m in Sources */,
				179F358616B177F300A396FE /* ASIHTTPRequest.m in Sources */,
				179F358716B177F300A396FE /* ASIInputStream.m in Sources */,
				179F358816B177F300A396FE /* ASINetworkQueue.m in Sources */,
				179F358916B177F300A396FE /* FMDatabase.m in Sources */,
				179F358A16B177F300A396FE /* FMDatabaseAdditions.m in Sources */,
				179F358B16B177F300A396FE /* FMDatabasePool.m in Sources */,
				179F358C16B177F300A396FE /* FMDatabaseQueue.m in Sources */,
				179F358D16B177F300A396FE /* FMResultSet.m in Sources */,
				179F359116B1817200A396FE /* Reachability.m in Sources */,
				177E504016B23CCB001D0B2D /* Shop.m in Sources */,
				177E504D16B240D2001D0B2D /* GDataXMLNode.m in Sources */,
				177E505116B299D9001D0B2D /* XMLReader.m in Sources */,
				17AA970116B3C32E00911DE2 /* UserViewController.m in Sources */,
				17AA970616B3C41800911DE2 /* RegisterViewController.m in Sources */,
				17AA970B16B3C43700911DE2 /* LoginViewController.m in Sources */,
				17AA971616B3E27700911DE2 /* CoreService.m in Sources */,
				17AA971B16B4005000911DE2 /* LocationViewController.m in Sources */,
				17AA972516B40A6600911DE2 /* UpKeepViewController.m in Sources */,
				17AA972916B4CD7400911DE2 /* ShopAnnotationView.m in Sources */,
				17AA973016B4D84B00911DE2 /* ShopPinAnnotation.m in Sources */,
				173326DE16BA34990025515E /* User.m in Sources */,
			);
			runOnlyForDeploymentPostprocessing = 0;
		};
/* End PBXSourcesBuildPhase section */

/* Begin PBXVariantGroup section */
		17E77D4316AED33E000F59D2 /* InfoPlist.strings */ = {
			isa = PBXVariantGroup;
			children = (
				17E77D4416AED33E000F59D2 /* en */,
			);
			name = InfoPlist.strings;
			sourceTree = "<group>";
		};
/* End PBXVariantGroup section */

/* Begin XCBuildConfiguration section */
		17E77D5216AED33E000F59D2 /* Debug */ = {
			isa = XCBuildConfiguration;
			buildSettings = {
				ALWAYS_SEARCH_USER_PATHS = NO;
				CLANG_CXX_LANGUAGE_STANDARD = "gnu++0x";
				CLANG_CXX_LIBRARY = "libc++";
				CLANG_WARN_EMPTY_BODY = YES;
				CLANG_WARN__DUPLICATE_METHOD_MATCH = YES;
				"CODE_SIGN_IDENTITY[sdk=iphoneos*]" = "iPhone Developer";
				COPY_PHASE_STRIP = NO;
				GCC_C_LANGUAGE_STANDARD = gnu99;
				GCC_DYNAMIC_NO_PIC = NO;
				GCC_OPTIMIZATION_LEVEL = 0;
				GCC_PREPROCESSOR_DEFINITIONS = (
					"DEBUG=1",
					"$(inherited)",
				);
				GCC_SYMBOLS_PRIVATE_EXTERN = NO;
				GCC_WARN_ABOUT_RETURN_TYPE = YES;
				GCC_WARN_UNINITIALIZED_AUTOS = YES;
				GCC_WARN_UNUSED_VARIABLE = YES;
				IPHONEOS_DEPLOYMENT_TARGET = 4.3;
				ONLY_ACTIVE_ARCH = YES;
				SDKROOT = iphoneos;
			};
			name = Debug;
		};
		17E77D5316AED33E000F59D2 /* Release */ = {
			isa = XCBuildConfiguration;
			buildSettings = {
				ALWAYS_SEARCH_USER_PATHS = NO;
				CLANG_CXX_LANGUAGE_STANDARD = "gnu++0x";
				CLANG_CXX_LIBRARY = "libc++";
				CLANG_WARN_EMPTY_BODY = YES;
				CLANG_WARN__DUPLICATE_METHOD_MATCH = YES;
				"CODE_SIGN_IDENTITY[sdk=iphoneos*]" = "iPhone Developer";
				COPY_PHASE_STRIP = YES;
				GCC_C_LANGUAGE_STANDARD = gnu99;
				GCC_WARN_ABOUT_RETURN_TYPE = YES;
				GCC_WARN_UNINITIALIZED_AUTOS = YES;
				GCC_WARN_UNUSED_VARIABLE = YES;
				IPHONEOS_DEPLOYMENT_TARGET = 4.3;
				OTHER_CFLAGS = "-DNS_BLOCK_ASSERTIONS=1";
				SDKROOT = iphoneos;
				VALIDATE_PRODUCT = YES;
			};
			name = Release;
		};
		17E77D5516AED33E000F59D2 /* Debug */ = {
			isa = XCBuildConfiguration;
			buildSettings = {
				ALWAYS_SEARCH_USER_PATHS = NO;
				GCC_PRECOMPILE_PREFIX_HEADER = YES;
				GCC_PREFIX_HEADER = "ZongHengXieChe/ZongHengXieChe-Prefix.pch";
				HEADER_SEARCH_PATHS = /usr/include/libxml2;
				INFOPLIST_FILE = "ZongHengXieChe/ZongHengXieChe-Info.plist";
				IPHONEOS_DEPLOYMENT_TARGET = 4.3;
				OTHER_LDFLAGS = "-lxml2";
				PRODUCT_NAME = "$(TARGET_NAME)";
				WRAPPER_EXTENSION = app;
			};
			name = Debug;
		};
		17E77D5616AED33E000F59D2 /* Release */ = {
			isa = XCBuildConfiguration;
			buildSettings = {
				ALWAYS_SEARCH_USER_PATHS = NO;
				GCC_PRECOMPILE_PREFIX_HEADER = YES;
				GCC_PREFIX_HEADER = "ZongHengXieChe/ZongHengXieChe-Prefix.pch";
				HEADER_SEARCH_PATHS = /usr/include/libxml2;
				INFOPLIST_FILE = "ZongHengXieChe/ZongHengXieChe-Info.plist";
				IPHONEOS_DEPLOYMENT_TARGET = 4.3;
				OTHER_LDFLAGS = "-lxml2";
				PRODUCT_NAME = "$(TARGET_NAME)";
				WRAPPER_EXTENSION = app;
			};
			name = Release;
		};
/* End XCBuildConfiguration section */

/* Begin XCConfigurationList section */
		17E77D3016AED33E000F59D2 /* Build configuration list for PBXProject "ZongHengXieChe" */ = {
			isa = XCConfigurationList;
			buildConfigurations = (
				17E77D5216AED33E000F59D2 /* Debug */,
				17E77D5316AED33E000F59D2 /* Release */,
			);
			defaultConfigurationIsVisible = 0;
			defaultConfigurationName = Release;
		};
		17E77D5416AED33E000F59D2 /* Build configuration list for PBXNativeTarget "ZongHengXieChe" */ = {
			isa = XCConfigurationList;
			buildConfigurations = (
				17E77D5516AED33E000F59D2 /* Debug */,
				17E77D5616AED33E000F59D2 /* Release */,
			);
			defaultConfigurationIsVisible = 0;
			defaultConfigurationName = Release;
		};
/* End XCConfigurationList section */
	};
	rootObject = 17E77D2D16AED33E000F59D2 /* Project object */;
}
